// !$*UTF8*$!
{
	archiveVersion = 1;
	classes = {
	};
	objectVersion = 55;
	objects = {

/* Begin PBXBuildFile section */
		3327849B2991C30B001760A3 /* A.wav in Resources */ = {isa = PBXBuildFile; fileRef = 332784942991C30A001760A3 /* A.wav */; };
		3327849C2991C30B001760A3 /* B.wav in Resources */ = {isa = PBXBuildFile; fileRef = 332784952991C30B001760A3 /* B.wav */; };
		3327849D2991C30B001760A3 /* D.wav in Resources */ = {isa = PBXBuildFile; fileRef = 332784962991C30B001760A3 /* D.wav */; };
		3327849E2991C30B001760A3 /* E.wav in Resources */ = {isa = PBXBuildFile; fileRef = 332784972991C30B001760A3 /* E.wav */; };
		3327849F2991C30B001760A3 /* C.wav in Resources */ = {isa = PBXBuildFile; fileRef = 332784982991C30B001760A3 /* C.wav */; };
		332784A02991C30B001760A3 /* G.wav in Resources */ = {isa = PBXBuildFile; fileRef = 332784992991C30B001760A3 /* G.wav */; };
		332784A12991C30B001760A3 /* F.wav in Resources */ = {isa = PBXBuildFile; fileRef = 3327849A2991C30B001760A3 /* F.wav */; };
		33B4ABEC2986D46F00FF4977 /* AppDelegate.swift in Sources */ = {isa = PBXBuildFile; fileRef = 33B4ABEB2986D46F00FF4977 /* AppDelegate.swift */; };
		33B4ABEE2986D46F00FF4977 /* SceneDelegate.swift in Sources */ = {isa = PBXBuildFile; fileRef = 33B4ABED2986D46F00FF4977 /* SceneDelegate.swift */; };
		33B4ABF02986D46F00FF4977 /* ViewController.swift in Sources */ = {isa = PBXBuildFile; fileRef = 33B4ABEF2986D46F00FF4977 /* ViewController.swift */; };
		33B4ABF32986D46F00FF4977 /* Main.storyboard in Resources */ = {isa = PBXBuildFile; fileRef = 33B4ABF12986D46F00FF4977 /* Main.storyboard */; };
		33B4ABF52986D47100FF4977 /* Assets.xcassets in Resources */ = {isa = PBXBuildFile; fileRef = 33B4ABF42986D47100FF4977 /* Assets.xcassets */; };
		33B4ABF82986D47100FF4977 /* LaunchScreen.storyboard in Resources */ = {isa = PBXBuildFile; fileRef = 33B4ABF62986D47100FF4977 /* LaunchScreen.storyboard */; };
/* End PBXBuildFile section */

/* Begin PBXFileReference section */
		332784942991C30A001760A3 /* A.wav */ = {isa = PBXFileReference; lastKnownFileType = audio.wav; path = A.wav; sourceTree = "<group>"; };
		332784952991C30B001760A3 /* B.wav */ = {isa = PBXFileReference; lastKnownFileType = audio.wav; path = B.wav; sourceTree = "<group>"; };
		332784962991C30B001760A3 /* D.wav */ = {isa = PBXFileReference; lastKnownFileType = audio.wav; path = D.wav; sourceTree = "<group>"; };
		332784972991C30B001760A3 /* E.wav */ = {isa = PBXFileReference; lastKnownFileType = audio.wav; path = E.wav; sourceTree = "<group>"; };
		332784982991C30B001760A3 /* C.wav */ = {isa = PBXFileReference; lastKnownFileType = audio.wav; path = C.wav; sourceTree = "<group>"; };
		332784992991C30B001760A3 /* G.wav */ = {isa = PBXFileReference; lastKnownFileType = audio.wav; path = G.wav; sourceTree = "<group>"; };
		3327849A2991C30B001760A3 /* F.wav */ = {isa = PBXFileReference; lastKnownFileType = audio.wav; path = F.wav; sourceTree = "<group>"; };
		33B4ABE82986D46F00FF4977 /* Xylophone.app */ = {isa = PBXFileReference; explicitFileType = wrapper.application; includeInIndex = 0; path = Xylophone.app; sourceTree = BUILT_PRODUCTS_DIR; };
		33B4ABEB2986D46F00FF4977 /* AppDelegate.swift */ = {isa = PBXFileReference; lastKnownFileType = sourcecode.swift; path = AppDelegate.swift; sourceTree = "<group>"; };
		33B4ABED2986D46F00FF4977 /* SceneDelegate.swift */ = {isa = PBXFileReference; lastKnownFileType = sourcecode.swift; path = SceneDelegate.swift; sourceTree = "<group>"; };
		33B4ABEF2986D46F00FF4977 /* ViewController.swift */ = {isa = PBXFileReference; lastKnownFileType = sourcecode.swift; path = ViewController.swift; sourceTree = "<group>"; };
		33B4ABF22986D46F00FF4977 /* Base */ = {isa = PBXFileReference; lastKnownFileType = file.storyboard; name = Base; path = Base.lproj/Main.storyboard; sourceTree = "<group>"; };
		33B4ABF42986D47100FF4977 /* Assets.xcassets */ = {isa = PBXFileReference; lastKnownFileType = folder.assetcatalog; path = Assets.xcassets; sourceTree = "<group>"; };
		33B4ABF72986D47100FF4977 /* Base */ = {isa = PBXFileReference; lastKnownFileType = file.storyboard; name = Base; path = Base.lproj/LaunchScreen.storyboard; sourceTree = "<group>"; };
		33B4ABF92986D47100FF4977 /* Info.plist */ = {isa = PBXFileReference; lastKnownFileType = text.plist.xml; path = Info.plist; sourceTree = "<group>"; };
/* End PBXFileReference section */

/* Begin PBXFrameworksBuildPhase section */
		33B4ABE52986D46F00FF4977 /* Frameworks */ = {
			isa = PBXFrameworksBuildPhase;
			buildActionMask = 2147483647;
			files = (
			);
			runOnlyForDeploymentPostprocessing = 0;
		};
/* End PBXFrameworksBuildPhase section */

/* Begin PBXGroup section */
		332784932991C228001760A3 /* Sounds  */ = {
			isa = PBXGroup;
			children = (
				332784942991C30A001760A3 /* A.wav */,
				332784952991C30B001760A3 /* B.wav */,
				332784982991C30B001760A3 /* C.wav */,
				332784962991C30B001760A3 /* D.wav */,
				332784972991C30B001760A3 /* E.wav */,
				3327849A2991C30B001760A3 /* F.wav */,
				332784992991C30B001760A3 /* G.wav */,
			);
			path = "Sounds ";
			sourceTree = "<group>";
		};
		33B4ABDF2986D46F00FF4977 = {
			isa = PBXGroup;
			children = (
				33B4ABEA2986D46F00FF4977 /* Xylophone */,
				33B4ABE92986D46F00FF4977 /* Products */,
			);
			sourceTree = "<group>";
		};
		33B4ABE92986D46F00FF4977 /* Products */ = {
			isa = PBXGroup;
			children = (
				33B4ABE82986D46F00FF4977 /* Xylophone.app */,
			);
			name = Products;
			sourceTree = "<group>";
		};
		33B4ABEA2986D46F00FF4977 /* Xylophone */ = {
			isa = PBXGroup;
			children = (
				33B4ABEB2986D46F00FF4977 /* AppDelegate.swift */,
				33B4ABED2986D46F00FF4977 /* SceneDelegate.swift */,
				33B4ABEF2986D46F00FF4977 /* ViewController.swift */,
				33B4ABF12986D46F00FF4977 /* Main.storyboard */,
				33B4ABF42986D47100FF4977 /* Assets.xcassets */,
				33B4ABF62986D47100FF4977 /* LaunchScreen.storyboard */,
				33B4ABF92986D47100FF4977 /* Info.plist */,
				332784932991C228001760A3 /* Sounds  */,
			);
			path = Xylophone;
			sourceTree = "<group>";
		};
/* End PBXGroup section */

/* Begin PBXNativeTarget section */
		33B4ABE72986D46F00FF4977 /* Xylophone */ = {
			isa = PBXNativeTarget;
			buildConfigurationList = 33B4ABFC2986D47100FF4977 /* Build configuration list for PBXNativeTarget "Xylophone" */;
			buildPhases = (
				33B4ABE42986D46F00FF4977 /* Sources */,
				33B4ABE52986D46F00FF4977 /* Frameworks */,
				33B4ABE62986D46F00FF4977 /* Resources */,
			);
			buildRules = (
			);
			dependencies = (
			);
			name = Xylophone;
			productName = Xylophone;
			productReference = 33B4ABE82986D46F00FF4977 /* Xylophone.app */;
			productType = "com.apple.product-type.application";
		};
/* End PBXNativeTarget section */

/* Begin PBXProject section */
		33B4ABE02986D46F00FF4977 /* Project object */ = {
			isa = PBXProject;
			attributes = {
				BuildIndependentTargetsInParallel = 1;
				LastSwiftUpdateCheck = 1340;
				LastUpgradeCheck = 1340;
				TargetAttributes = {
					33B4ABE72986D46F00FF4977 = {
						CreatedOnToolsVersion = 13.4.1;
					};
				};
			};
			buildConfigurationList = 33B4ABE32986D46F00FF4977 /* Build configuration list for PBXProject "Xylophone" */;
			compatibilityVersion = "Xcode 13.0";
			developmentRegion = en;
			hasScannedForEncodings = 0;
			knownRegions = (
				en,
				Base,
			);
			mainGroup = 33B4ABDF2986D46F00FF4977;
			productRefGroup = 33B4ABE92986D46F00FF4977 /* Products */;
			projectDirPath = "";
			projectRoot = "";
			targets = (
				33B4ABE72986D46F00FF4977 /* Xylophone */,
			);
		};
/* End PBXProject section */

/* Begin PBXResourcesBuildPhase section */
		33B4ABE62986D46F00FF4977 /* Resources */ = {
			isa = PBXResourcesBuildPhase;
			buildActionMask = 2147483647;
			files = (
				332784A02991C30B001760A3 /* G.wav in Resources */,
				33B4ABF82986D47100FF4977 /* LaunchScreen.storyboard in Resources */,
				3327849C2991C30B001760A3 /* B.wav in Resources */,
				332784A12991C30B001760A3 /* F.wav in Resources */,
				33B4ABF52986D47100FF4977 /* Assets.xcassets in Resources */,
				3327849D2991C30B001760A3 /* D.wav in Resources */,
				3327849F2991C30B001760A3 /* C.wav in Resources */,
				3327849B2991C30B001760A3 /* A.wav in Resources */,
				3327849E2991C30B001760A3 /* E.wav in Resources */,
				33B4ABF32986D46F00FF4977 /* Main.storyboard in Resources */,
			);
			runOnlyForDeploymentPostprocessing = 0;
		};
/* End PBXResourcesBuildPhase section */

/* Begin PBXSourcesBuildPhase section */
		33B4ABE42986D46F00FF4977 /* Sources */ = {
			isa = PBXSourcesBuildPhase;
			buildActionMask = 2147483647;
			files = (
				33B4ABF02986D46F00FF4977 /* ViewController.swift in Sources */,
				33B4ABEC2986D46F00FF4977 /* AppDelegate.swift in Sources */,
				33B4ABEE2986D46F00FF4977 /* SceneDelegate.swift in Sources */,
			);
			runOnlyForDeploymentPostprocessing = 0;
		};
/* End PBXSourcesBuildPhase section */

/* Begin PBXVariantGroup section */
		33B4ABF12986D46F00FF4977 /* Main.storyboard */ = {
			isa = PBXVariantGroup;
			children = (
				33B4ABF22986D46F00FF4977 /* Base */,
			);
			name = Main.storyboard;
			sourceTree = "<group>";
		};
		33B4ABF62986D47100FF4977 /* LaunchScreen.storyboard */ = {
			isa = PBXVariantGroup;
			children = (
				33B4ABF72986D47100FF4977 /* Base */,
			);
			name = LaunchScreen.storyboard;
			sourceTree = "<group>";
		};
/* End PBXVariantGroup section */

/* Begin XCBuildConfiguration section */
		33B4ABFA2986D47100FF4977 /* Debug */ = {
			isa = XCBuildConfiguration;
			buildSettings = {
				ALWAYS_SEARCH_USER_PATHS = NO;
				CLANG_ANALYZER_NONNULL = YES;
				CLANG_ANALYZER_NUMBER_OBJECT_CONVERSION = YES_AGGRESSIVE;
				CLANG_CXX_LANGUAGE_STANDARD = "gnu++17";
				CLANG_ENABLE_MODULES = YES;
				CLANG_ENABLE_OBJC_ARC = YES;
				CLANG_ENABLE_OBJC_WEAK = YES;
				CLANG_WARN_BLOCK_CAPTURE_AUTORELEASING = YES;
				CLANG_WARN_BOOL_CONVERSION = YES;
				CLANG_WARN_COMMA = YES;
				CLANG_WARN_CONSTANT_CONVERSION = YES;
				CLANG_WARN_DEPRECATED_OBJC_IMPLEMENTATIONS = YES;
				CLANG_WARN_DIRECT_OBJC_ISA_USAGE = YES_ERROR;
				CLANG_WARN_DOCUMENTATION_COMMENTS = YES;
				CLANG_WARN_EMPTY_BODY = YES;
				CLANG_WARN_ENUM_CONVERSION = YES;
				CLANG_WARN_INFINITE_RECURSION = YES;
				CLANG_WARN_INT_CONVERSION = YES;
				CLANG_WARN_NON_LITERAL_NULL_CONVERSION = YES;
				CLANG_WARN_OBJC_IMPLICIT_RETAIN_SELF = YES;
				CLANG_WARN_OBJC_LITERAL_CONVERSION = YES;
				CLANG_WARN_OBJC_ROOT_CLASS = YES_ERROR;
				CLANG_WARN_QUOTED_INCLUDE_IN_FRAMEWORK_HEADER = YES;
				CLANG_WARN_RANGE_LOOP_ANALYSIS = YES;
				CLANG_WARN_STRICT_PROTOTYPES = YES;
				CLANG_WARN_SUSPICIOUS_MOVE = YES;
				CLANG_WARN_UNGUARDED_AVAILABILITY = YES_AGGRESSIVE;
				CLANG_WARN_UNREACHABLE_CODE = YES;
				CLANG_WARN__DUPLICATE_METHOD_MATCH = YES;
				COPY_PHASE_STRIP = NO;
				DEBUG_INFORMATION_FORMAT = dwarf;
				ENABLE_STRICT_OBJC_MSGSEND = YES;
				ENABLE_TESTABILITY = YES;
				GCC_C_LANGUAGE_STANDARD = gnu11;
				GCC_DYNAMIC_NO_PIC = NO;
				GCC_NO_COMMON_BLOCKS = YES;
				GCC_OPTIMIZATION_LEVEL = 0;
				GCC_PREPROCESSOR_DEFINITIONS = (
					"DEBUG=1",
					"$(inherited)",
				);
				GCC_WARN_64_TO_32_BIT_CONVERSION = YES;
				GCC_WARN_ABOUT_RETURN_TYPE = YES_ERROR;
				GCC_WARN_UNDECLARED_SELECTOR = YES;
				GCC_WARN_UNINITIALIZED_AUTOS = YES_AGGRESSIVE;
				GCC_WARN_UNUSED_FUNCTION = YES;
				GCC_WARN_UNUSED_VARIABLE = YES;
				IPHONEOS_DEPLOYMENT_TARGET = 15.5;
				MTL_ENABLE_DEBUG_INFO = INCLUDE_SOURCE;
				MTL_FAST_MATH = YES;
				ONLY_ACTIVE_ARCH = YES;
				SDKROOT = iphoneos;
				SWIFT_ACTIVE_COMPILATION_CONDITIONS = DEBUG;
				SWIFT_OPTIMIZATION_LEVEL = "-Onone";
			};
			name = Debug;
		};
		33B4ABFB2986D47100FF4977 /* Release */ = {
			isa = XCBuildConfiguration;
			buildSettings = {
				ALWAYS_SEARCH_USER_PATHS = NO;
				CLANG_ANALYZER_NONNULL = YES;
				CLANG_ANALYZER_NUMBER_OBJECT_CONVERSION = YES_AGGRESSIVE;
				CLANG_CXX_LANGUAGE_STANDARD = "gnu++17";
				CLANG_ENABLE_MODULES = YES;
				CLANG_ENABLE_OBJC_ARC = YES;
				CLANG_ENABLE_OBJC_WEAK = YES;
				CLANG_WARN_BLOCK_CAPTURE_AUTORELEASING = YES;
				CLANG_WARN_BOOL_CONVERSION = YES;
				CLANG_WARN_COMMA = YES;
				CLANG_WARN_CONSTANT_CONVERSION = YES;
				CLANG_WARN_DEPRECATED_OBJC_IMPLEMENTATIONS = YES;
				CLANG_WARN_DIRECT_OBJC_ISA_USAGE = YES_ERROR;
				CLANG_WARN_DOCUMENTATION_COMMENTS = YES;
				CLANG_WARN_EMPTY_BODY = YES;
				CLANG_WARN_ENUM_CONVERSION = YES;
				CLANG_WARN_INFINITE_RECURSION = YES;
				CLANG_WARN_INT_CONVERSION = YES;
				CLANG_WARN_NON_LITERAL_NULL_CONVERSION = YES;
				CLANG_WARN_OBJC_IMPLICIT_RETAIN_SELF = YES;
				CLANG_WARN_OBJC_LITERAL_CONVERSION = YES;
				CLANG_WARN_OBJC_ROOT_CLASS = YES_ERROR;
				CLANG_WARN_QUOTED_INCLUDE_IN_FRAMEWORK_HEADER = YES;
				CLANG_WARN_RANGE_LOOP_ANALYSIS = YES;
				CLANG_WARN_STRICT_PROTOTYPES = YES;
				CLANG_WARN_SUSPICIOUS_MOVE = YES;
				CLANG_WARN_UNGUARDED_AVAILABILITY = YES_AGGRESSIVE;
				CLANG_WARN_UNREACHABLE_CODE = YES;
				CLANG_WARN__DUPLICATE_METHOD_MATCH = YES;
				COPY_PHASE_STRIP = NO;
				DEBUG_INFORMATION_FORMAT = "dwarf-with-dsym";
				ENABLE_NS_ASSERTIONS = NO;
				ENABLE_STRICT_OBJC_MSGSEND = YES;
				GCC_C_LANGUAGE_STANDARD = gnu11;
				GCC_NO_COMMON_BLOCKS = YES;
				GCC_WARN_64_TO_32_BIT_CONVERSION = YES;
				GCC_WARN_ABOUT_RETURN_TYPE = YES_ERROR;
				GCC_WARN_UNDECLARED_SELECTOR = YES;
				GCC_WARN_UNINITIALIZED_AUTOS = YES_AGGRESSIVE;
				GCC_WARN_UNUSED_FUNCTION = YES;
				GCC_WARN_UNUSED_VARIABLE = YES;
				IPHONEOS_DEPLOYMENT_TARGET = 15.5;
				MTL_ENABLE_DEBUG_INFO = NO;
				MTL_FAST_MATH = YES;
				SDKROOT = iphoneos;
				SWIFT_COMPILATION_MODE = wholemodule;
				SWIFT_OPTIMIZATION_LEVEL = "-O";
				VALIDATE_PRODUCT = YES;
			};
			name = Release;
		};
		33B4ABFD2986D47100FF4977 /* Debug */ = {
			isa = XCBuildConfiguration;
			buildSettings = {
				ASSETCATALOG_COMPILER_APPICON_NAME = AppIcon;
				ASSETCATALOG_COMPILER_GLOBAL_ACCENT_COLOR_NAME = AccentColor;
				CODE_SIGN_STYLE = Automatic;
				CURRENT_PROJECT_VERSION = 1;
				GENERATE_INFOPLIST_FILE = YES;
				INFOPLIST_FILE = Xylophone/Info.plist;
				INFOPLIST_KEY_UIApplicationSupportsIndirectInputEvents = YES;
				INFOPLIST_KEY_UILaunchStoryboardName = LaunchScreen;
				INFOPLIST_KEY_UIMainStoryboardFile = Main;
				INFOPLIST_KEY_UISupportedInterfaceOrientations_iPad = "UIInterfaceOrientationPortrait UIInterfaceOrientationPortraitUpsideDown UIInterfaceOrientationLandscapeLeft UIInterfaceOrientationLandscapeRight";
				INFOPLIST_KEY_UISupportedInterfaceOrientations_iPhone = "UIInterfaceOrientationPortrait UIInterfaceOrientationLandscapeLeft UIInterfaceOrientationLandscapeRight";
				LD_RUNPATH_SEARCH_PATHS = (
					"$(inherited)",
					"@executable_path/Frameworks",
				);
				MARKETING_VERSION = 1.0;
				PRODUCT_BUNDLE_IDENTIFIER = vsevolodK.dev.Xylophone;
				PRODUCT_NAME = "$(TARGET_NAME)";
				SWIFT_EMIT_LOC_STRINGS = YES;
				SWIFT_VERSION = 5.0;
				TARGETED_DEVICE_FAMILY = "1,2";
			};
			name = Debug;
		};
		33B4ABFE2986D47100FF4977 /* Release */ = {
			isa = XCBuildConfiguration;
			buildSettings = {
				ASSETCATALOG_COMPILER_APPICON_NAME = AppIcon;
				ASSETCATALOG_COMPILER_GLOBAL_ACCENT_COLOR_NAME = AccentColor;
				CODE_SIGN_STYLE = Automatic;
				CURRENT_PROJECT_VERSION = 1;
				GENERATE_INFOPLIST_FILE = YES;
				INFOPLIST_FILE = Xylophone/Info.plist;
				INFOPLIST_KEY_UIApplicationSupportsIndirectInputEvents = YES;
				INFOPLIST_KEY_UILaunchStoryboardName = LaunchScreen;
				INFOPLIST_KEY_UIMainStoryboardFile = Main;
				INFOPLIST_KEY_UISupportedInterfaceOrientations_iPad = "UIInterfaceOrientationPortrait UIInterfaceOrientationPortraitUpsideDown UIInterfaceOrientationLandscapeLeft UIInterfaceOrientationLandscapeRight";
				INFOPLIST_KEY_UISupportedInterfaceOrientations_iPhone = "UIInterfaceOrientationPortrait UIInterfaceOrientationLandscapeLeft UIInterfaceOrientationLandscapeRight";
				LD_RUNPATH_SEARCH_PATHS = (
					"$(inherited)",
					"@executable_path/Frameworks",
				);
				MARKETING_VERSION = 1.0;
				PRODUCT_BUNDLE_IDENTIFIER = vsevolodK.dev.Xylophone;
				PRODUCT_NAME = "$(TARGET_NAME)";
				SWIFT_EMIT_LOC_STRINGS = YES;
				SWIFT_VERSION = 5.0;
				TARGETED_DEVICE_FAMILY = "1,2";
			};
			name = Release;
		};
/* End XCBuildConfiguration section */

/* Begin XCConfigurationList section */
		33B4ABE32986D46F00FF4977 /* Build configuration list for PBXProject "Xylophone" */ = {
			isa = XCConfigurationList;
			buildConfigurations = (
				33B4ABFA2986D47100FF4977 /* Debug */,
				33B4ABFB2986D47100FF4977 /* Release */,
			);
			defaultConfigurationIsVisible = 0;
			defaultConfigurationName = Release;
		};
		33B4ABFC2986D47100FF4977 /* Build configuration list for PBXNativeTarget "Xylophone" */ = {
			isa = XCConfigurationList;
			buildConfigurations = (
				33B4ABFD2986D47100FF4977 /* Debug */,
				33B4ABFE2986D47100FF4977 /* Release */,
			);
			defaultConfigurationIsVisible = 0;
			defaultConfigurationName = Release;
		};
/* End XCConfigurationList section */
	};
	rootObject = 33B4ABE02986D46F00FF4977 /* Project object */;
}
